
Microsoft Visual Studio Solution File, Format Version 12.00
# Visual Studio Version 16
VisualStudioVersion = 16.0.28803.352
MinimumVisualStudioVersion = 10.0.40219.1
Project("{9A19103F-16F7-4668-BE54-9A1E7A4F7556}") = "AddTwoNumbers", "AddTwoNumbers\AddTwoNumbers.csproj", "{F319B281-CA93-414E-A2B8-2601D4D0E794}"
EndProject
Project("{9A19103F-16F7-4668-BE54-9A1E7A4F7556}") = "RemoveElement", "RemoveElement\RemoveElement.csproj", "{D2F3C7A9-A399-41C6-A45E-5D786B66D558}"
EndProject
Project("{9A19103F-16F7-4668-BE54-9A1E7A4F7556}") = "RemoveDuplicates", "RemoveDuplicates\RemoveDuplicates.csproj", "{8A6A7BA8-C9E2-4DAB-B9B7-EC0D686937DE}"
EndProject
Project("{9A19103F-16F7-4668-BE54-9A1E7A4F7556}") = "NumUniqueEmails", "NumUniqueEmails\NumUniqueEmails.csproj", "{014CC770-F8A1-453E-A76D-80A6BDB2CC67}"
EndProject
Project("{9A19103F-16F7-4668-BE54-9A1E7A4F7556}") = "LicenseKeyFormatting", "LicenseKeyFormatting\LicenseKeyFormatting.csproj", "{FDA1F5BF-B9D5-408B-BB34-7F34FE28B2B4}"
EndProject
Project("{9A19103F-16F7-4668-BE54-9A1E7A4F7556}") = "FruitIntoBaskets", "FruitIntoBaskets\FruitIntoBaskets.csproj", "{3D148F5A-9E91-48FB-A7ED-15B2F88DC89F}"
EndProject
Project("{9A19103F-16F7-4668-BE54-9A1E7A4F7556}") = "ContainerWithMostWater", "ContainerWithMostWater\ContainerWithMostWater.csproj", "{C21BF620-CEB4-439A-A819-5A109EB26390}"
EndProject
Project("{FAE04EC0-301F-11D3-BF4B-00C04F79EFBC}") = "RemoveNthNodeFromEndofList", "RemoveNthNodeFromEndofList\RemoveNthNodeFromEndofList.csproj", "{7BF538A7-6F76-402E-BC6C-F38770CD1724}"
EndProject
Global
	GlobalSection(SolutionConfigurationPlatforms) = preSolution
		Debug|Any CPU = Debug|Any CPU
		Release|Any CPU = Release|Any CPU
	EndGlobalSection
	GlobalSection(ProjectConfigurationPlatforms) = postSolution
		{F319B281-CA93-414E-A2B8-2601D4D0E794}.Debug|Any CPU.ActiveCfg = Debug|Any CPU
		{F319B281-CA93-414E-A2B8-2601D4D0E794}.Debug|Any CPU.Build.0 = Debug|Any CPU
		{F319B281-CA93-414E-A2B8-2601D4D0E794}.Release|Any CPU.ActiveCfg = Release|Any CPU
		{F319B281-CA93-414E-A2B8-2601D4D0E794}.Release|Any CPU.Build.0 = Release|Any CPU
		{D2F3C7A9-A399-41C6-A45E-5D786B66D558}.Debug|Any CPU.ActiveCfg = Debug|Any CPU
		{D2F3C7A9-A399-41C6-A45E-5D786B66D558}.Debug|Any CPU.Build.0 = Debug|Any CPU
		{D2F3C7A9-A399-41C6-A45E-5D786B66D558}.Release|Any CPU.ActiveCfg = Release|Any CPU
		{D2F3C7A9-A399-41C6-A45E-5D786B66D558}.Release|Any CPU.Build.0 = Release|Any CPU
		{8A6A7BA8-C9E2-4DAB-B9B7-EC0D686937DE}.Debug|Any CPU.ActiveCfg = Debug|Any CPU
		{8A6A7BA8-C9E2-4DAB-B9B7-EC0D686937DE}.Debug|Any CPU.Build.0 = Debug|Any CPU
		{8A6A7BA8-C9E2-4DAB-B9B7-EC0D686937DE}.Release|Any CPU.ActiveCfg = Release|Any CPU
		{8A6A7BA8-C9E2-4DAB-B9B7-EC0D686937DE}.Release|Any CPU.Build.0 = Release|Any CPU
		{014CC770-F8A1-453E-A76D-80A6BDB2CC67}.Debug|Any CPU.ActiveCfg = Debug|Any CPU
		{014CC770-F8A1-453E-A76D-80A6BDB2CC67}.Debug|Any CPU.Build.0 = Debug|Any CPU
		{014CC770-F8A1-453E-A76D-80A6BDB2CC67}.Release|Any CPU.ActiveCfg = Release|Any CPU
		{014CC770-F8A1-453E-A76D-80A6BDB2CC67}.Release|Any CPU.Build.0 = Release|Any CPU
		{FDA1F5BF-B9D5-408B-BB34-7F34FE28B2B4}.Debug|Any CPU.ActiveCfg = Debug|Any CPU
		{FDA1F5BF-B9D5-408B-BB34-7F34FE28B2B4}.Debug|Any CPU.Build.0 = Debug|Any CPU
		{FDA1F5BF-B9D5-408B-BB34-7F34FE28B2B4}.Release|Any CPU.ActiveCfg = Release|Any CPU
		{FDA1F5BF-B9D5-408B-BB34-7F34FE28B2B4}.Release|Any CPU.Build.0 = Release|Any CPU
		{3D148F5A-9E91-48FB-A7ED-15B2F88DC89F}.Debug|Any CPU.ActiveCfg = Debug|Any CPU
		{3D148F5A-9E91-48FB-A7ED-15B2F88DC89F}.Debug|Any CPU.Build.0 = Debug|Any CPU
		{3D148F5A-9E91-48FB-A7ED-15B2F88DC89F}.Release|Any CPU.ActiveCfg = Release|Any CPU
		{3D148F5A-9E91-48FB-A7ED-15B2F88DC89F}.Release|Any CPU.Build.0 = Release|Any CPU
		{C21BF620-CEB4-439A-A819-5A109EB26390}.Debug|Any CPU.ActiveCfg = Debug|Any CPU
		{C21BF620-CEB4-439A-A819-5A109EB26390}.Debug|Any CPU.Build.0 = Debug|Any CPU
		{C21BF620-CEB4-439A-A819-5A109EB26390}.Release|Any CPU.ActiveCfg = Release|Any CPU
		{C21BF620-CEB4-439A-A819-5A109EB26390}.Release|Any CPU.Build.0 = Release|Any CPU
		{7BF538A7-6F76-402E-BC6C-F38770CD1724}.Debug|Any CPU.ActiveCfg = Debug|Any CPU
		{7BF538A7-6F76-402E-BC6C-F38770CD1724}.Debug|Any CPU.Build.0 = Debug|Any CPU
		{7BF538A7-6F76-402E-BC6C-F38770CD1724}.Release|Any CPU.ActiveCfg = Release|Any CPU
		{7BF538A7-6F76-402E-BC6C-F38770CD1724}.Release|Any CPU.Build.0 = Release|Any CPU
	EndGlobalSection
	GlobalSection(SolutionProperties) = preSolution
		HideSolutionNode = FALSE
	EndGlobalSection
	GlobalSection(ExtensibilityGlobals) = postSolution
		SolutionGuid = {2F4B5700-1ABE-45B0-8608-FE49FEDB3BF4}
	EndGlobalSection
EndGlobal
